// !$*UTF8*$!
{
	archiveVersion = 1;
	classes = {
	};
	objectVersion = 46;
	objects = {

/* Begin PBXBuildFile section */
		9BDD251D1E49ABC700F610CA /* main.m in Sources */ = {isa = PBXBuildFile; fileRef = 9BDD251C1E49ABC700F610CA /* main.m */; };
		9BDD25201E49ABC700F610CA /* AppDelegate.m in Sources */ = {isa = PBXBuildFile; fileRef = 9BDD251F1E49ABC700F610CA /* AppDelegate.m */; };
		9BDD25231E49ABC700F610CA /* ViewController.m in Sources */ = {isa = PBXBuildFile; fileRef = 9BDD25221E49ABC700F610CA /* ViewController.m */; };
		9BDD25261E49ABC700F610CA /* Main.storyboard in Resources */ = {isa = PBXBuildFile; fileRef = 9BDD25241E49ABC700F610CA /* Main.storyboard */; };
		9BDD25281E49ABC700F610CA /* Images.xcassets in Resources */ = {isa = PBXBuildFile; fileRef = 9BDD25271E49ABC700F610CA /* Images.xcassets */; };
		9BDD252B1E49ABC700F610CA /* LaunchScreen.xib in Resources */ = {isa = PBXBuildFile; fileRef = 9BDD25291E49ABC700F610CA /* LaunchScreen.xib */; };
		9BDD25371E49ABC700F610CA /* CellMoveableTests.m in Sources */ = {isa = PBXBuildFile; fileRef = 9BDD25361E49ABC700F610CA /* CellMoveableTests.m */; };
/* End PBXBuildFile section */

/* Begin PBXContainerItemProxy section */
		9BDD25311E49ABC700F610CA /* PBXContainerItemProxy */ = {
			isa = PBXContainerItemProxy;
			containerPortal = 9BDD250F1E49ABC600F610CA /* Project object */;
			proxyType = 1;
			remoteGlobalIDString = 9BDD25161E49ABC700F610CA;
			remoteInfo = CellMoveable;
		};
/* End PBXContainerItemProxy section */

/* Begin PBXFileReference section */
		9BDD25171E49ABC700F610CA /* CellMoveable.app */ = {isa = PBXFileReference; explicitFileType = wrapper.application; includeInIndex = 0; path = CellMoveable.app; sourceTree = BUILT_PRODUCTS_DIR; };
		9BDD251B1E49ABC700F610CA /* Info.plist */ = {isa = PBXFileReference; lastKnownFileType = text.plist.xml; path = Info.plist; sourceTree = "<group>"; };
		9BDD251C1E49ABC700F610CA /* main.m */ = {isa = PBXFileReference; lastKnownFileType = sourcecode.c.objc; path = main.m; sourceTree = "<group>"; };
		9BDD251E1E49ABC700F610CA /* AppDelegate.h */ = {isa = PBXFileReference; lastKnownFileType = sourcecode.c.h; path = AppDelegate.h; sourceTree = "<group>"; };
		9BDD251F1E49ABC700F610CA /* AppDelegate.m */ = {isa = PBXFileReference; lastKnownFileType = sourcecode.c.objc; path = AppDelegate.m; sourceTree = "<group>"; };
		9BDD25211E49ABC700F610CA /* ViewController.h */ = {isa = PBXFileReference; lastKnownFileType = sourcecode.c.h; path = ViewController.h; sourceTree = "<group>"; };
		9BDD25221E49ABC700F610CA /* ViewController.m */ = {isa = PBXFileReference; lastKnownFileType = sourcecode.c.objc; path = ViewController.m; sourceTree = "<group>"; };
		9BDD25251E49ABC700F610CA /* Base */ = {isa = PBXFileReference; lastKnownFileType = file.storyboard; name = Base; path = Base.lproj/Main.storyboard; sourceTree = "<group>"; };
		9BDD25271E49ABC700F610CA /* Images.xcassets */ = {isa = PBXFileReference; lastKnownFileType = folder.assetcatalog; path = Images.xcassets; sourceTree = "<group>"; };
		9BDD252A1E49ABC700F610CA /* Base */ = {isa = PBXFileReference; lastKnownFileType = file.xib; name = Base; path = Base.lproj/LaunchScreen.xib; sourceTree = "<group>"; };
		9BDD25301E49ABC700F610CA /* CellMoveableTests.xctest */ = {isa = PBXFileReference; explicitFileType = wrapper.cfbundle; includeInIndex = 0; path = CellMoveableTests.xctest; sourceTree = BUILT_PRODUCTS_DIR; };
		9BDD25351E49ABC700F610CA /* Info.plist */ = {isa = PBXFileReference; lastKnownFileType = text.plist.xml; path = Info.plist; sourceTree = "<group>"; };
		9BDD25361E49ABC700F610CA /* CellMoveableTests.m */ = {isa = PBXFileReference; lastKnownFileType = sourcecode.c.objc; path = CellMoveableTests.m; sourceTree = "<group>"; };
/* End PBXFileReference section */

/* Begin PBXFrameworksBuildPhase section */
		9BDD25141E49ABC700F610CA /* Frameworks */ = {
			isa = PBXFrameworksBuildPhase;
			buildActionMask = 2147483647;
			files = (
			);
			runOnlyForDeploymentPostprocessing = 0;
		};
		9BDD252D1E49ABC700F610CA /* Frameworks */ = {
			isa = PBXFrameworksBuildPhase;
			buildActionMask = 2147483647;
			files = (
			);
			runOnlyForDeploymentPostprocessing = 0;
		};
/* End PBXFrameworksBuildPhase section */

/* Begin PBXGroup section */
		9BDD250E1E49ABC600F610CA = {
			isa = PBXGroup;
			children = (
				9BDD25191E49ABC700F610CA /* CellMoveable */,
				9BDD25331E49ABC700F610CA /* CellMoveableTests */,
				9BDD25181E49ABC700F610CA /* Products */,
			);
			sourceTree = "<group>";
		};
		9BDD25181E49ABC700F610CA /* Products */ = {
			isa = PBXGroup;
			children = (
				9BDD25171E49ABC700F610CA /* CellMoveable.app */,
				9BDD25301E49ABC700F610CA /* CellMoveableTests.xctest */,
			);
			name = Products;
			sourceTree = "<group>";
		};
		9BDD25191E49ABC700F610CA /* CellMoveable */ = {
			isa = PBXGroup;
			children = (
				9BDD251E1E49ABC700F610CA /* AppDelegate.h */,
				9BDD251F1E49ABC700F610CA /* AppDelegate.m */,
				9BDD25211E49ABC700F610CA /* ViewController.h */,
				9BDD25221E49ABC700F610CA /* ViewController.m */,
				9BDD25241E49ABC700F610CA /* Main.storyboard */,
				9BDD25271E49ABC700F610CA /* Images.xcassets */,
				9BDD25291E49ABC700F610CA /* LaunchScreen.xib */,
				9BDD251A1E49ABC700F610CA /* Supporting Files */,
			);
			path = CellMoveable;
			sourceTree = "<group>";
		};
		9BDD251A1E49ABC700F610CA /* Supporting Files */ = {
			isa = PBXGroup;
			children = (
				9BDD251B1E49ABC700F610CA /* Info.plist */,
				9BDD251C1E49ABC700F610CA /* main.m */,
			);
			name = "Supporting Files";
			sourceTree = "<group>";
		};
		9BDD25331E49ABC700F610CA /* CellMoveableTests */ = {
			isa = PBXGroup;
			children = (
				9BDD25361E49ABC700F610CA /* CellMoveableTests.m */,
				9BDD25341E49ABC700F610CA /* Supporting Files */,
			);
			path = CellMoveableTests;
			sourceTree = "<group>";
		};
		9BDD25341E49ABC700F610CA /* Supporting Files */ = {
			isa = PBXGroup;
			children = (
				9BDD25351E49ABC700F610CA /* Info.plist */,
			);
			name = "Supporting Files";
			sourceTree = "<group>";
		};
/* End PBXGroup section */

/* Begin PBXNativeTarget section */
		9BDD25161E49ABC700F610CA /* CellMoveable */ = {
			isa = PBXNativeTarget;
			buildConfigurationList = 9BDD253A1E49ABC700F610CA /* Build configuration list for PBXNativeTarget "CellMoveable" */;
			buildPhases = (
				9BDD25131E49ABC700F610CA /* Sources */,
				9BDD25141E49ABC700F610CA /* Frameworks */,
				9BDD25151E49ABC700F610CA /* Resources */,
			);
			buildRules = (
			);
			dependencies = (
			);
			name = CellMoveable;
			productName = CellMoveable;
			productReference = 9BDD25171E49ABC700F610CA /* CellMoveable.app */;
			productType = "com.apple.product-type.application";
		};
		9BDD252F1E49ABC700F610CA /* CellMoveableTests */ = {
			isa = PBXNativeTarget;
			buildConfigurationList = 9BDD253D1E49ABC700F610CA /* Build configuration list for PBXNativeTarget "CellMoveableTests" */;
			buildPhases = (
				9BDD252C1E49ABC700F610CA /* Sources */,
				9BDD252D1E49ABC700F610CA /* Frameworks */,
				9BDD252E1E49ABC700F610CA /* Resources */,
			);
			buildRules = (
			);
			dependencies = (
				9BDD25321E49ABC700F610CA /* PBXTargetDependency */,
			);
			name = CellMoveableTests;
			productName = CellMoveableTests;
			productReference = 9BDD25301E49ABC700F610CA /* CellMoveableTests.xctest */;
			productType = "com.apple.product-type.bundle.unit-test";
		};
/* End PBXNativeTarget section */

/* Begin PBXProject section */
		9BDD250F1E49ABC600F610CA /* Project object */ = {
			isa = PBXProject;
			attributes = {
				LastUpgradeCheck = 0630;
				ORGANIZATIONNAME = Lee;
				TargetAttributes = {
					9BDD25161E49ABC700F610CA = {
						CreatedOnToolsVersion = 6.3.2;
					};
					9BDD252F1E49ABC700F610CA = {
						CreatedOnToolsVersion = 6.3.2;
						TestTargetID = 9BDD25161E49ABC700F610CA;
					};
				};
			};
			buildConfigurationList = 9BDD25121E49ABC600F610CA /* Build configuration list for PBXProject "CellMoveable" */;
			compatibilityVersion = "Xcode 3.2";
			developmentRegion = English;
			hasScannedForEncodings = 0;
			knownRegions = (
				en,
				Base,
			);
			mainGroup = 9BDD250E1E49ABC600F610CA;
			productRefGroup = 9BDD25181E49ABC700F610CA /* Products */;
			projectDirPath = "";
			projectRoot = "";
			targets = (
				9BDD25161E49ABC700F610CA /* CellMoveable */,
				9BDD252F1E49ABC700F610CA /* CellMoveableTests */,
			);
		};
/* End PBXProject section */

/* Begin PBXResourcesBuildPhase section */
		9BDD25151E49ABC700F610CA /* Resources */ = {
			isa = PBXResourcesBuildPhase;
			buildActionMask = 2147483647;
			files = (
				9BDD25261E49ABC700F610CA /* Main.storyboard in Resources */,
				9BDD252B1E49ABC700F610CA /* LaunchScreen.xib in Resources */,
				9BDD25281E49ABC700F610CA /* Images.xcassets in Resources */,
			);
			runOnlyForDeploymentPostprocessing = 0;
		};
		9BDD252E1E49ABC700F610CA /* Resources */ = {
			isa = PBXResourcesBuildPhase;
			buildActionMask = 2147483647;
			files = (
			);
			runOnlyForDeploymentPostprocessing = 0;
		};
/* End PBXResourcesBuildPhase section */

/* Begin PBXSourcesBuildPhase section */
		9BDD25131E49ABC700F610CA /* Sources */ = {
			isa = PBXSourcesBuildPhase;
			buildActionMask = 2147483647;
			files = (
				9BDD25231E49ABC700F610CA /* ViewController.m in Sources */,
				9BDD25201E49ABC700F610CA /* AppDelegate.m in Sources */,
				9BDD251D1E49ABC700F610CA /* main.m in Sources */,
			);
			runOnlyForDeploymentPostprocessing = 0;
		};
		9BDD252C1E49ABC700F610CA /* Sources */ = {
			isa = PBXSourcesBuildPhase;
			buildActionMask = 2147483647;
			files = (
				9BDD25371E49ABC700F610CA /* CellMoveableTests.m in Sources */,
			);
			runOnlyForDeploymentPostprocessing = 0;
		};
/* End PBXSourcesBuildPhase section */

/* Begin PBXTargetDependency section */
		9BDD25321E49ABC700F610CA /* PBXTargetDependency */ = {
			isa = PBXTargetDependency;
			target = 9BDD25161E49ABC700F610CA /* CellMoveable */;
			targetProxy = 9BDD25311E49ABC700F610CA /* PBXContainerItemProxy */;
		};
/* End PBXTargetDependency section */

/* Begin PBXVariantGroup section */
		9BDD25241E49ABC700F610CA /* Main.storyboard */ = {
			isa = PBXVariantGroup;
			children = (
				9BDD25251E49ABC700F610CA /* Base */,
			);
			name = Main.storyboard;
			sourceTree = "<group>";
		};
		9BDD25291E49ABC700F610CA /* LaunchScreen.xib */ = {
			isa = PBXVariantGroup;
			children = (
				9BDD252A1E49ABC700F610CA /* Base */,
			);
			name = LaunchScreen.xib;
			sourceTree = "<group>";
		};
/* End PBXVariantGroup section */

/* Begin XCBuildConfiguration section */
		9BDD25381E49ABC700F610CA /* Debug */ = {
			isa = XCBuildConfiguration;
			buildSettings = {
				ALWAYS_SEARCH_USER_PATHS = NO;
				CLANG_CXX_LANGUAGE_STANDARD = "gnu++0x";
				CLANG_CXX_LIBRARY = "libc++";
				CLANG_ENABLE_MODULES = YES;
				CLANG_ENABLE_OBJC_ARC = YES;
				CLANG_WARN_BOOL_CONVERSION = YES;
				CLANG_WARN_CONSTANT_CONVERSION = YES;
				CLANG_WARN_DIRECT_OBJC_ISA_USAGE = YES_ERROR;
				CLANG_WARN_EMPTY_BODY = YES;
				CLANG_WARN_ENUM_CONVERSION = YES;
				CLANG_WARN_INT_CONVERSION = YES;
				CLANG_WARN_OBJC_ROOT_CLASS = YES_ERROR;
				CLANG_WARN_UNREACHABLE_CODE = YES;
				CLANG_WARN__DUPLICATE_METHOD_MATCH = YES;
				"CODE_SIGN_IDENTITY[sdk=iphoneos*]" = "iPhone Developer";
				COPY_PHASE_STRIP = NO;
				DEBUG_INFORMATION_FORMAT = "dwarf-with-dsym";
				ENABLE_STRICT_OBJC_MSGSEND = YES;
				GCC_C_LANGUAGE_STANDARD = gnu99;
				GCC_DYNAMIC_NO_PIC = NO;
				GCC_NO_COMMON_BLOCKS = YES;
				GCC_OPTIMIZATION_LEVEL = 0;
				GCC_PREPROCESSOR_DEFINITIONS = (
					"DEBUG=1",
					"$(inherited)",
				);
				GCC_SYMBOLS_PRIVATE_EXTERN = NO;
				GCC_WARN_64_TO_32_BIT_CONVERSION = YES;
				GCC_WARN_ABOUT_RETURN_TYPE = YES_ERROR;
				GCC_WARN_UNDECLARED_SELECTOR = YES;
				GCC_WARN_UNINITIALIZED_AUTOS = YES_AGGRESSIVE;
				GCC_WARN_UNUSED_FUNCTION = YES;
				GCC_WARN_UNUSED_VARIABLE = YES;
				IPHONEOS_DEPLOYMENT_TARGET = 8.3;
				MTL_ENABLE_DEBUG_INFO = YES;
				ONLY_ACTIVE_ARCH = YES;
				SDKROOT = iphoneos;
			};
			name = Debug;
		};
		9BDD25391E49ABC700F610CA /* Release */ = {
			isa = XCBuildConfiguration;
			buildSettings = {
				ALWAYS_SEARCH_USER_PATHS = NO;
				CLANG_CXX_LANGUAGE_STANDARD = "gnu++0x";
				CLANG_CXX_LIBRARY = "libc++";
				CLANG_ENABLE_MODULES = YES;
				CLANG_ENABLE_OBJC_ARC = YES;
				CLANG_WARN_BOOL_CONVERSION = YES;
				CLANG_WARN_CONSTANT_CONVERSION = YES;
				CLANG_WARN_DIRECT_OBJC_ISA_USAGE = YES_ERROR;
				CLANG_WARN_EMPTY_BODY = YES;
				CLANG_WARN_ENUM_CONVERSION = YES;
				CLANG_WARN_INT_CONVERSION = YES;
				CLANG_WARN_OBJC_ROOT_CLASS = YES_ERROR;
				CLANG_WARN_UNREACHABLE_CODE = YES;
				CLANG_WARN__DUPLICATE_METHOD_MATCH = YES;
				"CODE_SIGN_IDENTITY[sdk=iphoneos*]" = "iPhone Developer";
				COPY_PHASE_STRIP = NO;
				DEBUG_INFORMATION_FORMAT = "dwarf-with-dsym";
				ENABLE_NS_ASSERTIONS = NO;
				ENABLE_STRICT_OBJC_MSGSEND = YES;
				GCC_C_LANGUAGE_STANDARD = gnu99;
				GCC_NO_COMMON_BLOCKS = YES;
				GCC_WARN_64_TO_32_BIT_CONVERSION = YES;
				GCC_WARN_ABOUT_RETURN_TYPE = YES_ERROR;
				GCC_WARN_UNDECLARED_SELECTOR = YES;
				GCC_WARN_UNINITIALIZED_AUTOS = YES_AGGRESSIVE;
				GCC_WARN_UNUSED_FUNCTION = YES;
				GCC_WARN_UNUSED_VARIABLE = YES;
				IPHONEOS_DEPLOYMENT_TARGET = 8.3;
				MTL_ENABLE_DEBUG_INFO = NO;
				SDKROOT = iphoneos;
				VALIDATE_PRODUCT = YES;
			};
			name = Release;
		};
		9BDD253B1E49ABC700F610CA /* Debug */ = {
			isa = XCBuildConfiguration;
			buildSettings = {
				ASSETCATALOG_COMPILER_APPICON_NAME = AppIcon;
				INFOPLIST_FILE = CellMoveable/Info.plist;
				LD_RUNPATH_SEARCH_PATHS = "$(inherited) @executable_path/Frameworks";
				PRODUCT_NAME = "$(TARGET_NAME)";
			};
			name = Debug;
		};
		9BDD253C1E49ABC700F610CA /* Release */ = {
			isa = XCBuildConfiguration;
			buildSettings = {
				ASSETCATALOG_COMPILER_APPICON_NAME = AppIcon;
				INFOPLIST_FILE = CellMoveable/Info.plist;
				LD_RUNPATH_SEARCH_PATHS = "$(inherited) @executable_path/Frameworks";
				PRODUCT_NAME = "$(TARGET_NAME)";
			};
			name = Release;
		};
		9BDD253E1E49ABC700F610CA /* Debug */ = {
			isa = XCBuildConfiguration;
			buildSettings = {
				BUNDLE_LOADER = "$(TEST_HOST)";
				FRAMEWORK_SEARCH_PATHS = (
					"$(SDKROOT)/Developer/Library/Frameworks",
					"$(inherited)",
				);
				GCC_PREPROCESSOR_DEFINITIONS = (
					"DEBUG=1",
					"$(inherited)",
				);
				INFOPLIST_FILE = CellMoveableTests/Info.plist;
				LD_RUNPATH_SEARCH_PATHS = "$(inherited) @executable_path/Frameworks @loader_path/Frameworks";
				PRODUCT_NAME = "$(TARGET_NAME)";
				TEST_HOST = "$(BUILT_PRODUCTS_DIR)/CellMoveable.app/CellMoveable";
			};
			name = Debug;
		};
		9BDD253F1E49ABC700F610CA /* Release */ = {
			isa = XCBuildConfiguration;
			buildSettings = {
				BUNDLE_LOADER = "$(TEST_HOST)";
				FRAMEWORK_SEARCH_PATHS = (
					"$(SDKROOT)/Developer/Library/Frameworks",
					"$(inherited)",
				);
				INFOPLIST_FILE = CellMoveableTests/Info.plist;
				LD_RUNPATH_SEARCH_PATHS = "$(inherited) @executable_path/Frameworks @loader_path/Frameworks";
				PRODUCT_NAME = "$(TARGET_NAME)";
				TEST_HOST = "$(BUILT_PRODUCTS_DIR)/CellMoveable.app/CellMoveable";
			};
			name = Release;
		};
/* End XCBuildConfiguration section */

/* Begin XCConfigurationList section */
		9BDD25121E49ABC600F610CA /* Build configuration list for PBXProject "CellMoveable" */ = {
			isa = XCConfigurationList;
			buildConfigurations = (
				9BDD25381E49ABC700F610CA /* Debug */,
				9BDD25391E49ABC700F610CA /* Release */,
			);
			defaultConfigurationIsVisible = 0;
			defaultConfigurationName = Release;
		};
		9BDD253A1E49ABC700F610CA /* Build configuration list for PBXNativeTarget "CellMoveable" */ = {
			isa = XCConfigurationList;
			buildConfigurations = (
				9BDD253B1E49ABC700F610CA /* Debug */,
				9BDD253C1E49ABC700F610CA /* Release */,
			);
			defaultConfigurationIsVisible = 0;
		};
		9BDD253D1E49ABC700F610CA /* Build configuration list for PBXNativeTarget "CellMoveableTests" */ = {
			isa = XCConfigurationList;
			buildConfigurations = (
				9BDD253E1E49ABC700F610CA /* Debug */,
				9BDD253F1E49ABC700F610CA /* Release */,
			);
			defaultConfigurationIsVisible = 0;
		};
/* End XCConfigurationList section */
	};
	rootObject = 9BDD250F1E49ABC600F610CA /* Project object */;
}
